# This file is automatically @generated by Cargo.
# It is not intended for manual editing.
version = 4

[[package]]
name = "ecstasy"
version = "0.1.0"
dependencies = [
 "merging-iterator",
 "paste",
 "permutation",
 "reflexion",
]

[[package]]
name = "merging-iterator"
version = "1.3.0"
source = "registry+https://github.com/rust-lang/crates.io-index"
checksum = "0eda55172050e028dfd9d0b4335cbdbeaf81adf2b1f2dc463285e819e9a67eae"

[[package]]
name = "paste"
version = "1.0.15"
source = "registry+https://github.com/rust-lang/crates.io-index"
checksum = "57c0d7b74b563b49d38dae00a0c37d4d6de9b432382b2892f0574ddcae73fd0a"

[[package]]
name = "permutation"
version = "0.4.1"
source = "registry+https://github.com/rust-lang/crates.io-index"
checksum = "df202b0b0f5b8e389955afd5f27b007b00fb948162953f1db9c70d2c7e3157d7"

[[package]]
name = "reflexion"
version = "0.1.0"
